
Microsoft Visual Studio Solution File, Format Version 12.00
# Visual Studio Version 16
VisualStudioVersion = 16.0.30804.86
MinimumVisualStudioVersion = 10.0.40219.1
Project("{FAE04EC0-301F-11D3-BF4B-00C04F79EFBC}") = "MyDictionary", "MyDictionary.csproj", "{47FB930F-F830-4130-91BB-CC6A660F5A4A}"
EndProject
Global
	GlobalSection(SolutionConfigurationPlatforms) = preSolution
		Debug|Any CPU = Debug|Any CPU
		Release|Any CPU = Release|Any CPU
	EndGlobalSection
	GlobalSection(ProjectConfigurationPlatforms) = postSolution
		{47FB930F-F830-4130-91BB-CC6A660F5A4A}.Debug|Any CPU.ActiveCfg = Debug|Any CPU
		{47FB930F-F830-4130-91BB-CC6A660F5A4A}.Debug|Any CPU.Build.0 = Debug|Any CPU
		{47FB930F-F830-4130-91BB-CC6A660F5A4A}.Release|Any CPU.ActiveCfg = Release|Any CPU
		{47FB930F-F830-4130-91BB-CC6A660F5A4A}.Release|Any CPU.Build.0 = Release|Any CPU
	EndGlobalSection
	GlobalSection(SolutionProperties) = preSolution
		HideSolutionNode = FALSE
	EndGlobalSection
	GlobalSection(ExtensibilityGlobals) = postSolution
		SolutionGuid = {B0C2CF2A-55A5-46D2-9713-3EF1822DC786}
	EndGlobalSection
EndGlobal
